# THIS IS AN AUTOGENERATED FILE. DO NOT EDIT THIS FILE DIRECTLY.
# yarn lockfile v1


"@github/time-elements@^3.1.1":
  version "3.1.1"
  resolved "https://registry.yarnpkg.com/@github/time-elements/-/time-elements-3.1.1.tgz#b52be933a87a0b585a5df6fd2dea6ccda5d776b9"
  integrity sha512-95TquDedxMpNb8BUrVIt9NEfdNBw4DRjdcECDPx4Ix6gkksI2npKRJBOV9XJMYjEIBo50iAiJzUuwL/fh3ptFw==

"@graphql-typed-document-node/core@^3.1.0":
  version "3.1.0"
  resolved "https://registry.yarnpkg.com/@graphql-typed-document-node/core/-/core-3.1.0.tgz#0eee6373e11418bfe0b5638f654df7a4ca6a3950"
  integrity sha512-wYn6r8zVZyQJ6rQaALBEln5B1pzxb9shV5Ef97kTvn6yVGrqyXVnDqnU24MXnFubR+rZjBY9NWuxX3FB2sTsjg==

"@primer/octicons@^11.2.0":
  version "11.2.0"
  resolved "https://registry.yarnpkg.com/@primer/octicons/-/octicons-11.2.0.tgz#2caaa3a6e56f549be53b4d4004d383fd1120288b"
  integrity sha512-a9ORJaeu7Kt0LCaawQy8S+ZVPDe1qXJvKZraX0b6R0KXkXjL519rpGUDRiGUlskuxEpVf2kmbVYfqGDDlMGLMg==
  dependencies:
    object-assign "^4.1.1"

"@urql/core@>=1.12.0", "@urql/core@>=1.14.0", "@urql/core@>=1.16.1", "@urql/core@^1.16.0", "@urql/core@^1.16.1":
  version "1.16.1"
  resolved "https://registry.yarnpkg.com/@urql/core/-/core-1.16.1.tgz#a41487dd4436cbdc92fce714c6c1fc04315761d3"
  integrity sha512-lcEMCS/rB+ug7jKSRDVZIsqNhZxRooTNa1kHfvSjJT2k4SXDyPmjNSfXBUJF2pDJmvv9EIKl9Tk0AF1CvG3Q/g==
  dependencies:
    "@graphql-typed-document-node/core" "^3.1.0"
    wonka "^4.0.14"

"@urql/exchange-auth@^0.1.2":
  version "0.1.2"
  resolved "https://registry.yarnpkg.com/@urql/exchange-auth/-/exchange-auth-0.1.2.tgz#67a76ef78ab4ea9dc51c050d1b79362e9abbffc6"
  integrity sha512-SIrcnbom+nro0pALmqQmcMxUcy8qZUoykoPs5LezYVPmvZXx4ErXwly58g0XoU4eX10U2gakjCFPTyleF8Nt6Q==
  dependencies:
    "@urql/core" ">=1.14.0"
    wonka "^4.0.14"

"@urql/exchange-graphcache@^3.3.4":
  version "3.3.4"
  resolved "https://registry.yarnpkg.com/@urql/exchange-graphcache/-/exchange-graphcache-3.3.4.tgz#69988675ee05d9c7a7d5859419735d9fad3fa8f3"
  integrity sha512-L7Wa+mpOCHTOSUNS7/GA8wF5Lj5+Su8N2BYiSSHC4TGD4zIffke8zjapEggshaPVPigRMEJLzlfJ5/348dF+cg==
  dependencies:
    "@urql/core" ">=1.16.1"
    wonka "^4.0.14"

"@urql/exchange-request-policy@^0.1.0":
  version "0.1.0"
  resolved "https://registry.yarnpkg.com/@urql/exchange-request-policy/-/exchange-request-policy-0.1.0.tgz#c45505ca0f01559c5cc0aafb88357b6802b25280"
  integrity sha512-c0A1d2EY80dKsydIGTbFOe4oCLODN8cVrQe+9JrQ7xq3UIzOrVvjXqVEojLxyqZq1iqS6Bn/LYrcHUuIKkfDwg==
  dependencies:
    "@urql/core" ">=1.12.0"
    wonka "^4.0.14"

"@urql/introspection@^0.1.2":
  version "0.1.2"
  resolved "https://registry.yarnpkg.com/@urql/introspection/-/introspection-0.1.2.tgz#3d6fd5a79f9df6e379aaf2922fb753cc06f228fc"
  integrity sha512-neUWngizFD2ajCrHJLT/KmkhB6dcJTvMn7cE3c2KB2Hk0y+bSXK/1KBQffaekAacHUwxgoLvYEL9Z68HkCuFvQ==

"@urql/preact@^1.4.4":
  version "1.4.4"
  resolved "https://registry.yarnpkg.com/@urql/preact/-/preact-1.4.4.tgz#f405862553d48323228e3cd26d3616417e15b28b"
  integrity sha512-W8C4DNWNFA77TyLHL+SJS0JOKgm3cF8qqT0cmoqO7WbxY22Ee8WmuvTIi5QLo6VYrZVGE+F+bcmsqM3myUQ4Ow==
  dependencies:
    "@urql/core" "^1.16.0"
    wonka "^4.0.14"

date-fns@^2.16.1:
  version "2.16.1"
  resolved "https://registry.yarnpkg.com/date-fns/-/date-fns-2.16.1.tgz#05775792c3f3331da812af253e1a935851d3834b"
  integrity sha512-sAJVKx/FqrLYHAQeN7VpJrPhagZc9R4ImZIWYRFZaaohR3KzmuK88touwsSwSVT8Qcbd4zoDsnGfX4GFB4imyQ==

esbuild@^0.8.7:
  version "0.8.32"
  resolved "https://registry.yarnpkg.com/esbuild/-/esbuild-0.8.32.tgz#d3d679ea417925f7afaab37555e52070df317355"
  integrity sha512-5IzQapMW/wFy5oxziHCJzawk26K3xeyrIAQPnPN3c0Q84hqRw6IfGDGfGWOdJNw5tAx77yvwqZ4r1QMpo6emJA==

fsevents@^2.2.0:
  version "2.3.1"
  resolved "https://registry.yarnpkg.com/fsevents/-/fsevents-2.3.1.tgz#b209ab14c61012636c8863507edf7fb68cc54e9f"
  integrity sha512-YR47Eg4hChJGAB1O3yEAOkGO+rlzutoICGqGo9EZ4lKWokzZRSyIW1QmTzqjtw8MJdj9srP869CuWw/hyzSiBw==

graphql-tag@^2.11.0:
  version "2.11.0"
  resolved "https://registry.yarnpkg.com/graphql-tag/-/graphql-tag-2.11.0.tgz#1deb53a01c46a7eb401d6cb59dec86fa1cccbffd"
  integrity sha512-VmsD5pJqWJnQZMUeRwrDhfgoyqcfwEkvtpANqcoUG8/tOLkwNgU9mzub/Mc78OJMhHjx7gfAMTxzdG43VGg3bA==

graphql@^15.4.0:
  version "15.4.0"
  resolved "https://registry.yarnpkg.com/graphql/-/graphql-15.4.0.tgz#e459dea1150da5a106486ba7276518b5295a4347"
  integrity sha512-EB3zgGchcabbsU9cFe1j+yxdzKQKAbGUWRb13DsrsMN1yyfmmIq+2+L5MqVWcDCE4V89R5AyUOi7sMOGxdsYtA==

htm@^3.0.4:
  version "3.0.4"
  resolved "https://registry.yarnpkg.com/htm/-/htm-3.0.4.tgz#c90c891645d2d792bdb9f8c867964b18e3503718"
  integrity sha512-VRdvxX3tmrXuT/Ovt59NMp/ORMFi4bceFMDjos1PV4E0mV+5votuID8R60egR9A4U8nLt238R/snlJGz3UYiTQ==

is-docker@^2.0.0:
  version "2.1.1"
  resolved "https://registry.yarnpkg.com/is-docker/-/is-docker-2.1.1.tgz#4125a88e44e450d384e09047ede71adc2d144156"
  integrity sha512-ZOoqiXfEwtGknTiuDEy8pN2CfE3TxMHprvNer1mXiqwkOT77Rw3YVrUQ52EqAOU3QAWDQ+bQdx7HJzrv7LS2Hw==

is-wsl@^2.1.1:
  version "2.2.0"
  resolved "https://registry.yarnpkg.com/is-wsl/-/is-wsl-2.2.0.tgz#74a4c76e77ca9fd3f932f290c17ea326cd157271"
  integrity sha512-fKzAra0rGJUUBwGBgNkHZuToZcn+TtXHpeCgmkMJMMYx1sQDYaCSyjJBSCa2nH1DGm7s3n1oBnohoVTBaN7Lww==
  dependencies:
    is-docker "^2.0.0"

marked@^1.2.7:
  version "1.2.7"
  resolved "https://registry.yarnpkg.com/marked/-/marked-1.2.7.tgz#6e14b595581d2319cdcf033a24caaf41455a01fb"
  integrity sha512-No11hFYcXr/zkBvL6qFmAp1z6BKY3zqLMHny/JN/ey+al7qwCM2+CMBL9BOgqMxZU36fz4cCWfn2poWIf7QRXA==

object-assign@^4.1.1:
  version "4.1.1"
  resolved "https://registry.yarnpkg.com/object-assign/-/object-assign-4.1.1.tgz#2109adc7965887cfc05cbbd442cac8bfbb360863"
  integrity sha1-IQmtx5ZYh8/AXLvUQsrIv7s2CGM=

open@^7.0.4:
  version "7.3.1"
  resolved "https://registry.yarnpkg.com/open/-/open-7.3.1.tgz#111119cb919ca1acd988f49685c4fdd0f4755356"
  integrity sha512-f2wt9DCBKKjlFbjzGb8MOAW8LH8F0mrs1zc7KTjAJ9PZNQbfenzWbNP1VZJvw6ICMG9r14Ah6yfwPn7T7i646A==
  dependencies:
    is-docker "^2.0.0"
    is-wsl "^2.1.1"

preact-router@^3.2.1:
  version "3.2.1"
  resolved "https://registry.yarnpkg.com/preact-router/-/preact-router-3.2.1.tgz#c7d12d8fc7a60bfbe5cadf23a234551bec783468"
  integrity sha512-KEN2VN1DxUlTwzW5IFkF13YIA2OdQ2OvgJTkQREF+AA2NrHRLaGbB68EjS4IeZOa1shvQ1FvEm3bSLta4sXBhg==

preact@^10.5.10:
  version "10.5.10"
  resolved "https://registry.yarnpkg.com/preact/-/preact-10.5.10.tgz#8de7bf669e965a51fc9e45a6fd1e97a47af383e6"
  integrity sha512-A6SITnHaj5CS4JPLVroQDNOEozq4Y0B4yQSGHLznxHe66Jb2DvoeTEibLjXmfeofgQE3BZ2zurltBIapzCMlwg==

snowpack@^3.0.10:
  version "3.0.10"
  resolved "https://registry.yarnpkg.com/snowpack/-/snowpack-3.0.10.tgz#3ff9c12d44830d5c294006b43633b1a76452c909"
  integrity sha512-1boFvYMQ5EEkyvr6yA0XTkJWyQoIuPBSeY/ViR1DhuesspUHiQXFAiS/FF1AOWUj8Zju3VfRyyo3GLud0P80+g==
  dependencies:
    esbuild "^0.8.7"
    open "^7.0.4"
  optionalDependencies:
    fsevents "^2.2.0"

urql@^1.11.5:
  version "1.11.5"
  resolved "https://registry.yarnpkg.com/urql/-/urql-1.11.5.tgz#facd1420a95354d9889721f2423b3a2577fcabf8"
  integrity sha512-2/Gpu6zV9H5U4/QHc1kxnFXtVNcdSp8JftRIkRdXoVkIB6whBCRgKV+dxJyb3t3e+urCPExsSGCfIz0MIvJd1g==
  dependencies:
    "@urql/core" "^1.16.0"
    wonka "^4.0.14"

wonka@^4.0.14:
  version "4.0.15"
  resolved "https://registry.yarnpkg.com/wonka/-/wonka-4.0.15.tgz#9aa42046efa424565ab8f8f451fcca955bf80b89"
  integrity sha512-U0IUQHKXXn6PFo9nqsHphVCE5m3IntqZNB9Jjn7EB1lrR7YTDY3YWgFvEvwniTzXSvOH/XMzAZaIfJF/LvHYXg==
